// !$*UTF8*$!
{
	archiveVersion = 1;
	classes = {
	};
	objectVersion = 56;
	objects = {

/* Begin PBXBuildFile section */
		E62DF4D42B7D22150092A2F7 /* GalleryAppApp.swift in Sources */ = {isa = PBXBuildFile; fileRef = E62DF4D32B7D22150092A2F7 /* GalleryAppApp.swift */; };
		E62DF4D62B7D22150092A2F7 /* SearchBarIcon.swift in Sources */ = {isa = PBXBuildFile; fileRef = E62DF4D52B7D22150092A2F7 /* SearchBarIcon.swift */; };
		E62DF4D82B7D22160092A2F7 /* Assets.xcassets in Resources */ = {isa = PBXBuildFile; fileRef = E62DF4D72B7D22160092A2F7 /* Assets.xcassets */; };
		E62DF4DB2B7D22160092A2F7 /* Preview Assets.xcassets in Resources */ = {isa = PBXBuildFile; fileRef = E62DF4DA2B7D22160092A2F7 /* Preview Assets.xcassets */; };
		E62DF4E22B7D23540092A2F7 /* DataModel.swift in Sources */ = {isa = PBXBuildFile; fileRef = E62DF4E12B7D23540092A2F7 /* DataModel.swift */; };
		E62DF4E72B7D2CDD0092A2F7 /* SideBarIconA.swift in Sources */ = {isa = PBXBuildFile; fileRef = E62DF4E62B7D2CDD0092A2F7 /* SideBarIconA.swift */; };
		E62DF4E92B7D2F470092A2F7 /* CircleAnimation.swift in Sources */ = {isa = PBXBuildFile; fileRef = E62DF4E82B7D2F470092A2F7 /* CircleAnimation.swift */; };
		E62DF4EC2B7D33430092A2F7 /* HImageView.swift in Sources */ = {isa = PBXBuildFile; fileRef = E62DF4EB2B7D33430092A2F7 /* HImageView.swift */; };
		E62DF4EE2B7D37620092A2F7 /* TabBarView.swift in Sources */ = {isa = PBXBuildFile; fileRef = E62DF4ED2B7D37620092A2F7 /* TabBarView.swift */; };
		E62DF4F12B7D3D790092A2F7 /* Mock.swift in Sources */ = {isa = PBXBuildFile; fileRef = E62DF4F02B7D3D790092A2F7 /* Mock.swift */; };
		E62DF4F32B7D3FF70092A2F7 /* AllImageView.swift in Sources */ = {isa = PBXBuildFile; fileRef = E62DF4F22B7D3FF70092A2F7 /* AllImageView.swift */; };
		E62DF4F52B7D487B0092A2F7 /* SelectImageView.swift in Sources */ = {isa = PBXBuildFile; fileRef = E62DF4F42B7D487B0092A2F7 /* SelectImageView.swift */; };
		E62DF4F72B7D507E0092A2F7 /* HomeBarView.swift in Sources */ = {isa = PBXBuildFile; fileRef = E62DF4F62B7D507E0092A2F7 /* HomeBarView.swift */; };
		E6DBE5422B7EAD80005EEC01 /* FavoriteView.swift in Sources */ = {isa = PBXBuildFile; fileRef = E6DBE5412B7EAD80005EEC01 /* FavoriteView.swift */; };
		E6DBE5442B7EBAFB005EEC01 /* sidemenuview.swift in Sources */ = {isa = PBXBuildFile; fileRef = E6DBE5432B7EBAFB005EEC01 /* sidemenuview.swift */; };
		E6DBE5462B7EC2FE005EEC01 /* tabviewV.swift in Sources */ = {isa = PBXBuildFile; fileRef = E6DBE5452B7EC2FE005EEC01 /* tabviewV.swift */; };
		E6E589212B8B8DF800397D8F /* SearchVIew.swift in Sources */ = {isa = PBXBuildFile; fileRef = E6E589202B8B8DF800397D8F /* SearchVIew.swift */; };
		E6E589232B8B950B00397D8F /* AddedRecentlyView.swift in Sources */ = {isa = PBXBuildFile; fileRef = E6E589222B8B950B00397D8F /* AddedRecentlyView.swift */; };
		E6E589262B8B97F100397D8F /* PopularView.swift in Sources */ = {isa = PBXBuildFile; fileRef = E6E589252B8B97F100397D8F /* PopularView.swift */; };
		E6E589282B8B9A4D00397D8F /* SettingsView.swift in Sources */ = {isa = PBXBuildFile; fileRef = E6E589272B8B9A4D00397D8F /* SettingsView.swift */; };
/* End PBXBuildFile section */

/* Begin PBXFileReference section */
		E62DF4D02B7D22150092A2F7 /* GalleryApp.app */ = {isa = PBXFileReference; explicitFileType = wrapper.application; includeInIndex = 0; path = GalleryApp.app; sourceTree = BUILT_PRODUCTS_DIR; };
		E62DF4D32B7D22150092A2F7 /* GalleryAppApp.swift */ = {isa = PBXFileReference; lastKnownFileType = sourcecode.swift; path = GalleryAppApp.swift; sourceTree = "<group>"; };
		E62DF4D52B7D22150092A2F7 /* SearchBarIcon.swift */ = {isa = PBXFileReference; lastKnownFileType = sourcecode.swift; path = SearchBarIcon.swift; sourceTree = "<group>"; };
		E62DF4D72B7D22160092A2F7 /* Assets.xcassets */ = {isa = PBXFileReference; lastKnownFileType = folder.assetcatalog; path = Assets.xcassets; sourceTree = "<group>"; };
		E62DF4DA2B7D22160092A2F7 /* Preview Assets.xcassets */ = {isa = PBXFileReference; lastKnownFileType = folder.assetcatalog; path = "Preview Assets.xcassets"; sourceTree = "<group>"; };
		E62DF4E12B7D23540092A2F7 /* DataModel.swift */ = {isa = PBXFileReference; lastKnownFileType = sourcecode.swift; path = DataModel.swift; sourceTree = "<group>"; };
		E62DF4E62B7D2CDD0092A2F7 /* SideBarIconA.swift */ = {isa = PBXFileReference; lastKnownFileType = sourcecode.swift; path = SideBarIconA.swift; sourceTree = "<group>"; };
		E62DF4E82B7D2F470092A2F7 /* CircleAnimation.swift */ = {isa = PBXFileReference; lastKnownFileType = sourcecode.swift; path = CircleAnimation.swift; sourceTree = "<group>"; };
		E62DF4EB2B7D33430092A2F7 /* HImageView.swift */ = {isa = PBXFileReference; lastKnownFileType = sourcecode.swift; path = HImageView.swift; sourceTree = "<group>"; };
		E62DF4ED2B7D37620092A2F7 /* TabBarView.swift */ = {isa = PBXFileReference; lastKnownFileType = sourcecode.swift; path = TabBarView.swift; sourceTree = "<group>"; };
		E62DF4F02B7D3D790092A2F7 /* Mock.swift */ = {isa = PBXFileReference; lastKnownFileType = sourcecode.swift; path = Mock.swift; sourceTree = "<group>"; };
		E62DF4F22B7D3FF70092A2F7 /* AllImageView.swift */ = {isa = PBXFileReference; lastKnownFileType = sourcecode.swift; path = AllImageView.swift; sourceTree = "<group>"; };
		E62DF4F42B7D487B0092A2F7 /* SelectImageView.swift */ = {isa = PBXFileReference; lastKnownFileType = sourcecode.swift; path = SelectImageView.swift; sourceTree = "<group>"; };
		E62DF4F62B7D507E0092A2F7 /* HomeBarView.swift */ = {isa = PBXFileReference; lastKnownFileType = sourcecode.swift; path = HomeBarView.swift; sourceTree = "<group>"; };
		E6DBE5412B7EAD80005EEC01 /* FavoriteView.swift */ = {isa = PBXFileReference; lastKnownFileType = sourcecode.swift; path = FavoriteView.swift; sourceTree = "<group>"; };
		E6DBE5432B7EBAFB005EEC01 /* sidemenuview.swift */ = {isa = PBXFileReference; lastKnownFileType = sourcecode.swift; path = sidemenuview.swift; sourceTree = "<group>"; };
		E6DBE5452B7EC2FE005EEC01 /* tabviewV.swift */ = {isa = PBXFileReference; lastKnownFileType = sourcecode.swift; path = tabviewV.swift; sourceTree = "<group>"; };
		E6E589202B8B8DF800397D8F /* SearchVIew.swift */ = {isa = PBXFileReference; lastKnownFileType = sourcecode.swift; path = SearchVIew.swift; sourceTree = "<group>"; };
		E6E589222B8B950B00397D8F /* AddedRecentlyView.swift */ = {isa = PBXFileReference; lastKnownFileType = sourcecode.swift; path = AddedRecentlyView.swift; sourceTree = "<group>"; };
		E6E589252B8B97F100397D8F /* PopularView.swift */ = {isa = PBXFileReference; lastKnownFileType = sourcecode.swift; path = PopularView.swift; sourceTree = "<group>"; };
		E6E589272B8B9A4D00397D8F /* SettingsView.swift */ = {isa = PBXFileReference; lastKnownFileType = sourcecode.swift; path = SettingsView.swift; sourceTree = "<group>"; };
/* End PBXFileReference section */

/* Begin PBXFrameworksBuildPhase section */
		E62DF4CD2B7D22150092A2F7 /* Frameworks */ = {
			isa = PBXFrameworksBuildPhase;
			buildActionMask = 2147483647;
			files = (
			);
			runOnlyForDeploymentPostprocessing = 0;
		};
/* End PBXFrameworksBuildPhase section */

/* Begin PBXGroup section */
		E62DF4C72B7D22150092A2F7 = {
			isa = PBXGroup;
			children = (
				E62DF4D22B7D22150092A2F7 /* GalleryApp */,
				E62DF4D12B7D22150092A2F7 /* Products */,
			);
			sourceTree = "<group>";
		};
		E62DF4D12B7D22150092A2F7 /* Products */ = {
			isa = PBXGroup;
			children = (
				E62DF4D02B7D22150092A2F7 /* GalleryApp.app */,
			);
			name = Products;
			sourceTree = "<group>";
		};
		E62DF4D22B7D22150092A2F7 /* GalleryApp */ = {
			isa = PBXGroup;
			children = (
				E6E589242B8B973100397D8F /* New Group1 */,
				E62DF4D32B7D22150092A2F7 /* GalleryAppApp.swift */,
				E62DF4EF2B7D3D6B0092A2F7 /* New Group */,
				E62DF4EA2B7D33160092A2F7 /* View */,
				E62DF4E52B7D2CA20092A2F7 /* Icon */,
				E62DF4D72B7D22160092A2F7 /* Assets.xcassets */,
				E62DF4D92B7D22160092A2F7 /* Preview Content */,
			);
			path = GalleryApp;
			sourceTree = "<group>";
		};
		E62DF4D92B7D22160092A2F7 /* Preview Content */ = {
			isa = PBXGroup;
			children = (
				E62DF4DA2B7D22160092A2F7 /* Preview Assets.xcassets */,
			);
			path = "Preview Content";
			sourceTree = "<group>";
		};
		E62DF4E52B7D2CA20092A2F7 /* Icon */ = {
			isa = PBXGroup;
			children = (
				E62DF4D52B7D22150092A2F7 /* SearchBarIcon.swift */,
				E62DF4E62B7D2CDD0092A2F7 /* SideBarIconA.swift */,
				E62DF4E82B7D2F470092A2F7 /* CircleAnimation.swift */,
			);
			path = Icon;
			sourceTree = "<group>";
		};
		E62DF4EA2B7D33160092A2F7 /* View */ = {
			isa = PBXGroup;
			children = (
				E62DF4EB2B7D33430092A2F7 /* HImageView.swift */,
				E62DF4ED2B7D37620092A2F7 /* TabBarView.swift */,
				E62DF4F22B7D3FF70092A2F7 /* AllImageView.swift */,
				E62DF4F62B7D507E0092A2F7 /* HomeBarView.swift */,
				E6DBE5412B7EAD80005EEC01 /* FavoriteView.swift */,
				E6E589202B8B8DF800397D8F /* SearchVIew.swift */,
				E6E589222B8B950B00397D8F /* AddedRecentlyView.swift */,
				E6E589252B8B97F100397D8F /* PopularView.swift */,
				E6E589272B8B9A4D00397D8F /* SettingsView.swift */,
			);
			path = View;
			sourceTree = "<group>";
		};
		E62DF4EF2B7D3D6B0092A2F7 /* New Group */ = {
			isa = PBXGroup;
			children = (
				E62DF4E12B7D23540092A2F7 /* DataModel.swift */,
				E62DF4F02B7D3D790092A2F7 /* Mock.swift */,
			);
			path = "New Group";
			sourceTree = "<group>";
		};
		E6E589242B8B973100397D8F /* New Group1 */ = {
			isa = PBXGroup;
			children = (
				E62DF4F42B7D487B0092A2F7 /* SelectImageView.swift */,
				E6DBE5432B7EBAFB005EEC01 /* sidemenuview.swift */,
				E6DBE5452B7EC2FE005EEC01 /* tabviewV.swift */,
			);
			path = "New Group1";
			sourceTree = "<group>";
		};
/* End PBXGroup section */

/* Begin PBXNativeTarget section */
		E62DF4CF2B7D22150092A2F7 /* GalleryApp */ = {
			isa = PBXNativeTarget;
			buildConfigurationList = E62DF4DE2B7D22160092A2F7 /* Build configuration list for PBXNativeTarget "GalleryApp" */;
			buildPhases = (
				E62DF4CC2B7D22150092A2F7 /* Sources */,
				E62DF4CD2B7D22150092A2F7 /* Frameworks */,
				E62DF4CE2B7D22150092A2F7 /* Resources */,
			);
			buildRules = (
			);
			dependencies = (
			);
			name = GalleryApp;
			productName = GalleryApp;
			productReference = E62DF4D02B7D22150092A2F7 /* GalleryApp.app */;
			productType = "com.apple.product-type.application";
		};
/* End PBXNativeTarget section */

/* Begin PBXProject section */
		E62DF4C82B7D22150092A2F7 /* Project object */ = {
			isa = PBXProject;
			attributes = {
				BuildIndependentTargetsInParallel = 1;
				LastSwiftUpdateCheck = 1520;
				LastUpgradeCheck = 1520;
				TargetAttributes = {
					E62DF4CF2B7D22150092A2F7 = {
						CreatedOnToolsVersion = 15.2;
					};
				};
			};
			buildConfigurationList = E62DF4CB2B7D22150092A2F7 /* Build configuration list for PBXProject "GalleryApp" */;
			compatibilityVersion = "Xcode 14.0";
			developmentRegion = en;
			hasScannedForEncodings = 0;
			knownRegions = (
				en,
				Base,
			);
			mainGroup = E62DF4C72B7D22150092A2F7;
			productRefGroup = E62DF4D12B7D22150092A2F7 /* Products */;
			projectDirPath = "";
			projectRoot = "";
			targets = (
				E62DF4CF2B7D22150092A2F7 /* GalleryApp */,
			);
		};
/* End PBXProject section */

/* Begin PBXResourcesBuildPhase section */
		E62DF4CE2B7D22150092A2F7 /* Resources */ = {
			isa = PBXResourcesBuildPhase;
			buildActionMask = 2147483647;
			files = (
				E62DF4DB2B7D22160092A2F7 /* Preview Assets.xcassets in Resources */,
				E62DF4D82B7D22160092A2F7 /* Assets.xcassets in Resources */,
			);
			runOnlyForDeploymentPostprocessing = 0;
		};
/* End PBXResourcesBuildPhase section */

/* Begin PBXSourcesBuildPhase section */
		E62DF4CC2B7D22150092A2F7 /* Sources */ = {
			isa = PBXSourcesBuildPhase;
			buildActionMask = 2147483647;
			files = (
				E62DF4F32B7D3FF70092A2F7 /* AllImageView.swift in Sources */,
				E62DF4D62B7D22150092A2F7 /* SearchBarIcon.swift in Sources */,
				E6E589232B8B950B00397D8F /* AddedRecentlyView.swift in Sources */,
				E6E589282B8B9A4D00397D8F /* SettingsView.swift in Sources */,
				E62DF4EC2B7D33430092A2F7 /* HImageView.swift in Sources */,
				E6E589212B8B8DF800397D8F /* SearchVIew.swift in Sources */,
				E62DF4F72B7D507E0092A2F7 /* HomeBarView.swift in Sources */,
				E6DBE5422B7EAD80005EEC01 /* FavoriteView.swift in Sources */,
				E62DF4EE2B7D37620092A2F7 /* TabBarView.swift in Sources */,
				E62DF4E72B7D2CDD0092A2F7 /* SideBarIconA.swift in Sources */,
				E62DF4D42B7D22150092A2F7 /* GalleryAppApp.swift in Sources */,
				E62DF4E92B7D2F470092A2F7 /* CircleAnimation.swift in Sources */,
				E62DF4E22B7D23540092A2F7 /* DataModel.swift in Sources */,
				E6DBE5442B7EBAFB005EEC01 /* sidemenuview.swift in Sources */,
				E6E589262B8B97F100397D8F /* PopularView.swift in Sources */,
				E62DF4F52B7D487B0092A2F7 /* SelectImageView.swift in Sources */,
				E62DF4F12B7D3D790092A2F7 /* Mock.swift in Sources */,
				E6DBE5462B7EC2FE005EEC01 /* tabviewV.swift in Sources */,
			);
			runOnlyForDeploymentPostprocessing = 0;
		};
/* End PBXSourcesBuildPhase section */

/* Begin XCBuildConfiguration section */
		E62DF4DC2B7D22160092A2F7 /* Debug */ = {
			isa = XCBuildConfiguration;
			buildSettings = {
				ALWAYS_SEARCH_USER_PATHS = NO;
				ASSETCATALOG_COMPILER_GENERATE_SWIFT_ASSET_SYMBOL_EXTENSIONS = YES;
				CLANG_ANALYZER_NONNULL = YES;
				CLANG_ANALYZER_NUMBER_OBJECT_CONVERSION = YES_AGGRESSIVE;
				CLANG_CXX_LANGUAGE_STANDARD = "gnu++20";
				CLANG_ENABLE_MODULES = YES;
				CLANG_ENABLE_OBJC_ARC = YES;
				CLANG_ENABLE_OBJC_WEAK = YES;
				CLANG_WARN_BLOCK_CAPTURE_AUTORELEASING = YES;
				CLANG_WARN_BOOL_CONVERSION = YES;
				CLANG_WARN_COMMA = YES;
				CLANG_WARN_CONSTANT_CONVERSION = YES;
				CLANG_WARN_DEPRECATED_OBJC_IMPLEMENTATIONS = YES;
				CLANG_WARN_DIRECT_OBJC_ISA_USAGE = YES_ERROR;
				CLANG_WARN_DOCUMENTATION_COMMENTS = YES;
				CLANG_WARN_EMPTY_BODY = YES;
				CLANG_WARN_ENUM_CONVERSION = YES;
				CLANG_WARN_INFINITE_RECURSION = YES;
				CLANG_WARN_INT_CONVERSION = YES;
				CLANG_WARN_NON_LITERAL_NULL_CONVERSION = YES;
				CLANG_WARN_OBJC_IMPLICIT_RETAIN_SELF = YES;
				CLANG_WARN_OBJC_LITERAL_CONVERSION = YES;
				CLANG_WARN_OBJC_ROOT_CLASS = YES_ERROR;
				CLANG_WARN_QUOTED_INCLUDE_IN_FRAMEWORK_HEADER = YES;
				CLANG_WARN_RANGE_LOOP_ANALYSIS = YES;
				CLANG_WARN_STRICT_PROTOTYPES = YES;
				CLANG_WARN_SUSPICIOUS_MOVE = YES;
				CLANG_WARN_UNGUARDED_AVAILABILITY = YES_AGGRESSIVE;
				CLANG_WARN_UNREACHABLE_CODE = YES;
				CLANG_WARN__DUPLICATE_METHOD_MATCH = YES;
				COPY_PHASE_STRIP = NO;
				DEBUG_INFORMATION_FORMAT = dwarf;
				ENABLE_STRICT_OBJC_MSGSEND = YES;
				ENABLE_TESTABILITY = YES;
				ENABLE_USER_SCRIPT_SANDBOXING = YES;
				GCC_C_LANGUAGE_STANDARD = gnu17;
				GCC_DYNAMIC_NO_PIC = NO;
				GCC_NO_COMMON_BLOCKS = YES;
				GCC_OPTIMIZATION_LEVEL = 0;
				GCC_PREPROCESSOR_DEFINITIONS = (
					"DEBUG=1",
					"$(inherited)",
				);
				GCC_WARN_64_TO_32_BIT_CONVERSION = YES;
				GCC_WARN_ABOUT_RETURN_TYPE = YES_ERROR;
				GCC_WARN_UNDECLARED_SELECTOR = YES;
				GCC_WARN_UNINITIALIZED_AUTOS = YES_AGGRESSIVE;
				GCC_WARN_UNUSED_FUNCTION = YES;
				GCC_WARN_UNUSED_VARIABLE = YES;
				IPHONEOS_DEPLOYMENT_TARGET = 17.2;
				LOCALIZATION_PREFERS_STRING_CATALOGS = YES;
				MTL_ENABLE_DEBUG_INFO = INCLUDE_SOURCE;
				MTL_FAST_MATH = YES;
				ONLY_ACTIVE_ARCH = YES;
				SDKROOT = iphoneos;
				SWIFT_ACTIVE_COMPILATION_CONDITIONS = "DEBUG $(inherited)";
				SWIFT_OPTIMIZATION_LEVEL = "-Onone";
			};
			name = Debug;
		};
		E62DF4DD2B7D22160092A2F7 /* Release */ = {
			isa = XCBuildConfiguration;
			buildSettings = {
				ALWAYS_SEARCH_USER_PATHS = NO;
				ASSETCATALOG_COMPILER_GENERATE_SWIFT_ASSET_SYMBOL_EXTENSIONS = YES;
				CLANG_ANALYZER_NONNULL = YES;
				CLANG_ANALYZER_NUMBER_OBJECT_CONVERSION = YES_AGGRESSIVE;
				CLANG_CXX_LANGUAGE_STANDARD = "gnu++20";
				CLANG_ENABLE_MODULES = YES;
				CLANG_ENABLE_OBJC_ARC = YES;
				CLANG_ENABLE_OBJC_WEAK = YES;
				CLANG_WARN_BLOCK_CAPTURE_AUTORELEASING = YES;
				CLANG_WARN_BOOL_CONVERSION = YES;
				CLANG_WARN_COMMA = YES;
				CLANG_WARN_CONSTANT_CONVERSION = YES;
				CLANG_WARN_DEPRECATED_OBJC_IMPLEMENTATIONS = YES;
				CLANG_WARN_DIRECT_OBJC_ISA_USAGE = YES_ERROR;
				CLANG_WARN_DOCUMENTATION_COMMENTS = YES;
				CLANG_WARN_EMPTY_BODY = YES;
				CLANG_WARN_ENUM_CONVERSION = YES;
				CLANG_WARN_INFINITE_RECURSION = YES;
				CLANG_WARN_INT_CONVERSION = YES;
				CLANG_WARN_NON_LITERAL_NULL_CONVERSION = YES;
				CLANG_WARN_OBJC_IMPLICIT_RETAIN_SELF = YES;
				CLANG_WARN_OBJC_LITERAL_CONVERSION = YES;
				CLANG_WARN_OBJC_ROOT_CLASS = YES_ERROR;
				CLANG_WARN_QUOTED_INCLUDE_IN_FRAMEWORK_HEADER = YES;
				CLANG_WARN_RANGE_LOOP_ANALYSIS = YES;
				CLANG_WARN_STRICT_PROTOTYPES = YES;
				CLANG_WARN_SUSPICIOUS_MOVE = YES;
				CLANG_WARN_UNGUARDED_AVAILABILITY = YES_AGGRESSIVE;
				CLANG_WARN_UNREACHABLE_CODE = YES;
				CLANG_WARN__DUPLICATE_METHOD_MATCH = YES;
				COPY_PHASE_STRIP = NO;
				DEBUG_INFORMATION_FORMAT = "dwarf-with-dsym";
				ENABLE_NS_ASSERTIONS = NO;
				ENABLE_STRICT_OBJC_MSGSEND = YES;
				ENABLE_USER_SCRIPT_SANDBOXING = YES;
				GCC_C_LANGUAGE_STANDARD = gnu17;
				GCC_NO_COMMON_BLOCKS = YES;
				GCC_WARN_64_TO_32_BIT_CONVERSION = YES;
				GCC_WARN_ABOUT_RETURN_TYPE = YES_ERROR;
				GCC_WARN_UNDECLARED_SELECTOR = YES;
				GCC_WARN_UNINITIALIZED_AUTOS = YES_AGGRESSIVE;
				GCC_WARN_UNUSED_FUNCTION = YES;
				GCC_WARN_UNUSED_VARIABLE = YES;
				IPHONEOS_DEPLOYMENT_TARGET = 17.2;
				LOCALIZATION_PREFERS_STRING_CATALOGS = YES;
				MTL_ENABLE_DEBUG_INFO = NO;
				MTL_FAST_MATH = YES;
				SDKROOT = iphoneos;
				SWIFT_COMPILATION_MODE = wholemodule;
				VALIDATE_PRODUCT = YES;
			};
			name = Release;
		};
		E62DF4DF2B7D22160092A2F7 /* Debug */ = {
			isa = XCBuildConfiguration;
			buildSettings = {
				ASSETCATALOG_COMPILER_APPICON_NAME = AppIcon;
				ASSETCATALOG_COMPILER_GLOBAL_ACCENT_COLOR_NAME = AccentColor;
				CODE_SIGN_STYLE = Automatic;
				CURRENT_PROJECT_VERSION = 1;
				DEVELOPMENT_ASSET_PATHS = "\"GalleryApp/Preview Content\"";
				DEVELOPMENT_TEAM = 8SAXL44577;
				ENABLE_PREVIEWS = YES;
				GENERATE_INFOPLIST_FILE = YES;
				INFOPLIST_KEY_UIApplicationSceneManifest_Generation = YES;
				INFOPLIST_KEY_UIApplicationSupportsIndirectInputEvents = YES;
				INFOPLIST_KEY_UILaunchScreen_Generation = YES;
				INFOPLIST_KEY_UISupportedInterfaceOrientations = UIInterfaceOrientationPortrait;
				LD_RUNPATH_SEARCH_PATHS = (
					"$(inherited)",
					"@executable_path/Frameworks",
				);
				MARKETING_VERSION = 1.0;
				PRODUCT_BUNDLE_IDENTIFIER = ru.nex0zz.GalleryApp;
				PRODUCT_NAME = "$(TARGET_NAME)";
				SWIFT_EMIT_LOC_STRINGS = YES;
				SWIFT_VERSION = 5.0;
				TARGETED_DEVICE_FAMILY = "1,2";
			};
			name = Debug;
		};
		E62DF4E02B7D22160092A2F7 /* Release */ = {
			isa = XCBuildConfiguration;
			buildSettings = {
				ASSETCATALOG_COMPILER_APPICON_NAME = AppIcon;
				ASSETCATALOG_COMPILER_GLOBAL_ACCENT_COLOR_NAME = AccentColor;
				CODE_SIGN_STYLE = Automatic;
				CURRENT_PROJECT_VERSION = 1;
				DEVELOPMENT_ASSET_PATHS = "\"GalleryApp/Preview Content\"";
				DEVELOPMENT_TEAM = 8SAXL44577;
				ENABLE_PREVIEWS = YES;
				GENERATE_INFOPLIST_FILE = YES;
				INFOPLIST_KEY_UIApplicationSceneManifest_Generation = YES;
				INFOPLIST_KEY_UIApplicationSupportsIndirectInputEvents = YES;
				INFOPLIST_KEY_UILaunchScreen_Generation = YES;
				INFOPLIST_KEY_UISupportedInterfaceOrientations = UIInterfaceOrientationPortrait;
				LD_RUNPATH_SEARCH_PATHS = (
					"$(inherited)",
					"@executable_path/Frameworks",
				);
				MARKETING_VERSION = 1.0;
				PRODUCT_BUNDLE_IDENTIFIER = ru.nex0zz.GalleryApp;
				PRODUCT_NAME = "$(TARGET_NAME)";
				SWIFT_EMIT_LOC_STRINGS = YES;
				SWIFT_VERSION = 5.0;
				TARGETED_DEVICE_FAMILY = "1,2";
			};
			name = Release;
		};
/* End XCBuildConfiguration section */

/* Begin XCConfigurationList section */
		E62DF4CB2B7D22150092A2F7 /* Build configuration list for PBXProject "GalleryApp" */ = {
			isa = XCConfigurationList;
			buildConfigurations = (
				E62DF4DC2B7D22160092A2F7 /* Debug */,
				E62DF4DD2B7D22160092A2F7 /* Release */,
			);
			defaultConfigurationIsVisible = 0;
			defaultConfigurationName = Release;
		};
		E62DF4DE2B7D22160092A2F7 /* Build configuration list for PBXNativeTarget "GalleryApp" */ = {
			isa = XCConfigurationList;
			buildConfigurations = (
				E62DF4DF2B7D22160092A2F7 /* Debug */,
				E62DF4E02B7D22160092A2F7 /* Release */,
			);
			defaultConfigurationIsVisible = 0;
			defaultConfigurationName = Release;
		};
/* End XCConfigurationList section */
	};
	rootObject = E62DF4C82B7D22150092A2F7 /* Project object */;
}
